
Microsoft Visual Studio Solution File, Format Version 12.00
# Visual Studio Version 17
VisualStudioVersion = 17.12.35521.163 d17.12
MinimumVisualStudioVersion = 10.0.40219.1
Project("{FAE04EC0-301F-11D3-BF4B-00C04F79EFBC}") = "NotesAppScaffolding", "NotesAppScaffolding\NotesAppScaffolding.csproj", "{F605FF13-503E-436A-B7FE-25AB08340A59}"
EndProject
Project("{FAE04EC0-301F-11D3-BF4B-00C04F79EFBC}") = "NotesAppScaffolding.DataAcess", "NotesAppScaffolding.DataAcess\NotesAppScaffolding.DataAcess.csproj", "{A00174C6-7F5E-4888-9513-2A6313F90DC9}"
EndProject
Global
	GlobalSection(SolutionConfigurationPlatforms) = preSolution
		Debug|Any CPU = Debug|Any CPU
		Release|Any CPU = Release|Any CPU
	EndGlobalSection
	GlobalSection(ProjectConfigurationPlatforms) = postSolution
		{F605FF13-503E-436A-B7FE-25AB08340A59}.Debug|Any CPU.ActiveCfg = Debug|Any CPU
		{F605FF13-503E-436A-B7FE-25AB08340A59}.Debug|Any CPU.Build.0 = Debug|Any CPU
		{F605FF13-503E-436A-B7FE-25AB08340A59}.Release|Any CPU.ActiveCfg = Release|Any CPU
		{F605FF13-503E-436A-B7FE-25AB08340A59}.Release|Any CPU.Build.0 = Release|Any CPU
		{A00174C6-7F5E-4888-9513-2A6313F90DC9}.Debug|Any CPU.ActiveCfg = Debug|Any CPU
		{A00174C6-7F5E-4888-9513-2A6313F90DC9}.Debug|Any CPU.Build.0 = Debug|Any CPU
		{A00174C6-7F5E-4888-9513-2A6313F90DC9}.Release|Any CPU.ActiveCfg = Release|Any CPU
		{A00174C6-7F5E-4888-9513-2A6313F90DC9}.Release|Any CPU.Build.0 = Release|Any CPU
	EndGlobalSection
	GlobalSection(SolutionProperties) = preSolution
		HideSolutionNode = FALSE
	EndGlobalSection
EndGlobal
